
Microsoft Visual Studio Solution File, Format Version 12.00
# Visual Studio Version 16
VisualStudioVersion = 16.0.30611.23
MinimumVisualStudioVersion = 10.0.40219.1
Project("{FAE04EC0-301F-11D3-BF4B-00C04F79EFBC}") = "köstebek oyunu", "köstebek oyunu\köstebek oyunu.csproj", "{2308133E-F639-431A-80F9-5089E67A9154}"
EndProject
Global
	GlobalSection(SolutionConfigurationPlatforms) = preSolution
		Debug|Any CPU = Debug|Any CPU
		Release|Any CPU = Release|Any CPU
	EndGlobalSection
	GlobalSection(ProjectConfigurationPlatforms) = postSolution
		{2308133E-F639-431A-80F9-5089E67A9154}.Debug|Any CPU.ActiveCfg = Debug|Any CPU
		{2308133E-F639-431A-80F9-5089E67A9154}.Debug|Any CPU.Build.0 = Debug|Any CPU
		{2308133E-F639-431A-80F9-5089E67A9154}.Release|Any CPU.ActiveCfg = Release|Any CPU
		{2308133E-F639-431A-80F9-5089E67A9154}.Release|Any CPU.Build.0 = Release|Any CPU
	EndGlobalSection
	GlobalSection(SolutionProperties) = preSolution
		HideSolutionNode = FALSE
	EndGlobalSection
	GlobalSection(ExtensibilityGlobals) = postSolution
		SolutionGuid = {4EB8C462-48FC-4715-AD9D-F80C946A6521}
	EndGlobalSection
EndGlobal
